
Microsoft Visual Studio Solution File, Format Version 12.00
# Visual Studio 15
Project("{FAE04EC0-301F-11D3-BF4B-00C04F79EFBC}") = "RPSGame", "RPSGame\RPSGame.csproj", "{317EB369-CC03-4738-8311-694B15CB5CE8}"
EndProject
Global
	GlobalSection(SolutionConfigurationPlatforms) = preSolution
		Debug|Any CPU = Debug|Any CPU
		Release|Any CPU = Release|Any CPU
	EndGlobalSection
	GlobalSection(ProjectConfigurationPlatforms) = postSolution
		{317EB369-CC03-4738-8311-694B15CB5CE8}.Debug|Any CPU.ActiveCfg = Debug|Any CPU
		{317EB369-CC03-4738-8311-694B15CB5CE8}.Debug|Any CPU.Build.0 = Debug|Any CPU
		{317EB369-CC03-4738-8311-694B15CB5CE8}.Release|Any CPU.ActiveCfg = Release|Any CPU
		{317EB369-CC03-4738-8311-694B15CB5CE8}.Release|Any CPU.Build.0 = Release|Any CPU
	EndGlobalSection
EndGlobal
